
Microsoft Visual Studio Solution File, Format Version 12.00
# Visual Studio Version 17
VisualStudioVersion = 17.1.32210.238
MinimumVisualStudioVersion = 10.0.40219.1
Project("{FAE04EC0-301F-11D3-BF4B-00C04F79EFBC}") = "modul3_1302200086", "modul3_1302200086\modul3_1302200086.csproj", "{03D645A1-4E6A-4F8C-AD97-9AB6ACE3E3FF}"
EndProject
Global
	GlobalSection(SolutionConfigurationPlatforms) = preSolution
		Debug|Any CPU = Debug|Any CPU
		Release|Any CPU = Release|Any CPU
	EndGlobalSection
	GlobalSection(ProjectConfigurationPlatforms) = postSolution
		{03D645A1-4E6A-4F8C-AD97-9AB6ACE3E3FF}.Debug|Any CPU.ActiveCfg = Debug|Any CPU
		{03D645A1-4E6A-4F8C-AD97-9AB6ACE3E3FF}.Debug|Any CPU.Build.0 = Debug|Any CPU
		{03D645A1-4E6A-4F8C-AD97-9AB6ACE3E3FF}.Release|Any CPU.ActiveCfg = Release|Any CPU
		{03D645A1-4E6A-4F8C-AD97-9AB6ACE3E3FF}.Release|Any CPU.Build.0 = Release|Any CPU
	EndGlobalSection
	GlobalSection(SolutionProperties) = preSolution
		HideSolutionNode = FALSE
	EndGlobalSection
	GlobalSection(ExtensibilityGlobals) = postSolution
		SolutionGuid = {0EDEDCBD-B849-4AE1-9568-A6D39C2E744E}
	EndGlobalSection
EndGlobal
